
Microsoft Visual Studio Solution File, Format Version 12.00
# Visual Studio Version 17
VisualStudioVersion = 17.0.31903.59
MinimumVisualStudioVersion = 10.0.40219.1
Project("{FAE04EC0-301F-11D3-BF4B-00C04F79EFBC}") = "SORU01", "SORU01\SORU01.csproj", "{64D1AD21-2B50-4338-910C-5AF2B45977E9}"
EndProject
Project("{FAE04EC0-301F-11D3-BF4B-00C04F79EFBC}") = "SORU02", "SORU02\SORU02.csproj", "{CC437F2E-CE13-4BE4-8696-FE32B9A052DA}"
EndProject
Project("{FAE04EC0-301F-11D3-BF4B-00C04F79EFBC}") = "SORU03", "SORU03\SORU03.csproj", "{720E17AD-668F-475A-94BB-264BF41CD61E}"
EndProject
Project("{FAE04EC0-301F-11D3-BF4B-00C04F79EFBC}") = "SORU04", "SORU04\SORU04.csproj", "{4444C805-A890-4B24-8679-7BC9C56B0158}"
EndProject
Project("{FAE04EC0-301F-11D3-BF4B-00C04F79EFBC}") = "SORU05", "SORU05\SORU05.csproj", "{C3101B43-2784-4464-BCFE-2F41EBE88E37}"
EndProject
Project("{FAE04EC0-301F-11D3-BF4B-00C04F79EFBC}") = "SORU06", "SORU06\SORU06.csproj", "{26EB0988-FEB7-4E91-9B86-37F0DC378DE5}"
EndProject
Project("{FAE04EC0-301F-11D3-BF4B-00C04F79EFBC}") = "SORU07", "SORU07\SORU07.csproj", "{070C3B20-0CD6-4615-9B7B-2FD292871D4A}"
EndProject
Project("{FAE04EC0-301F-11D3-BF4B-00C04F79EFBC}") = "SORU08", "SORU08\SORU08.csproj", "{C9AC871D-FAED-446A-97D3-E7E8B0E32422}"
EndProject
Project("{FAE04EC0-301F-11D3-BF4B-00C04F79EFBC}") = "SORU09", "SORU09\SORU09.csproj", "{543716E3-E71A-4719-99A2-B3B2D74AE5DA}"
EndProject
Project("{FAE04EC0-301F-11D3-BF4B-00C04F79EFBC}") = "SORU10", "SORU10\SORU10.csproj", "{407C4574-32D5-40C9-A46A-1F76132DE9D6}"
EndProject
Project("{FAE04EC0-301F-11D3-BF4B-00C04F79EFBC}") = "SORU11", "SORU11\SORU11.csproj", "{F8A5AB81-B756-4E94-82E5-DF5E585E7F5A}"
EndProject
Project("{FAE04EC0-301F-11D3-BF4B-00C04F79EFBC}") = "SORU12", "SORU12\SORU12.csproj", "{877B3A82-074B-4EEB-A267-2880FC16401B}"
EndProject
Project("{FAE04EC0-301F-11D3-BF4B-00C04F79EFBC}") = "SORU13", "SORU13\SORU13.csproj", "{4B0FCA0E-E33F-492D-8648-EB1C21A86583}"
EndProject
Project("{FAE04EC0-301F-11D3-BF4B-00C04F79EFBC}") = "SORU14", "SORU14\SORU14.csproj", "{88A24A7B-4685-48D3-BD69-CC436A73F064}"
EndProject
Project("{FAE04EC0-301F-11D3-BF4B-00C04F79EFBC}") = "SORU15", "SORU15\SORU15.csproj", "{B69E3637-F9E3-42F8-9165-EEEE2CF2C418}"
EndProject
Project("{FAE04EC0-301F-11D3-BF4B-00C04F79EFBC}") = "SORU16", "SORU16\SORU16.csproj", "{7CAB2387-ACAF-4F54-87C1-985EBC94E1A8}"
EndProject
Project("{FAE04EC0-301F-11D3-BF4B-00C04F79EFBC}") = "SORU17", "SORU17\SORU17.csproj", "{EE1C5BF9-F759-4AE6-93E6-6D3D91E3C2F6}"
EndProject
Project("{FAE04EC0-301F-11D3-BF4B-00C04F79EFBC}") = "SORU18", "SORU18\SORU18.csproj", "{000AA14A-B069-4AFA-88D0-BB473EB0DA1C}"
EndProject
Global
	GlobalSection(SolutionConfigurationPlatforms) = preSolution
		Debug|Any CPU = Debug|Any CPU
		Release|Any CPU = Release|Any CPU
	EndGlobalSection
	GlobalSection(SolutionProperties) = preSolution
		HideSolutionNode = FALSE
	EndGlobalSection
	GlobalSection(ProjectConfigurationPlatforms) = postSolution
		{64D1AD21-2B50-4338-910C-5AF2B45977E9}.Debug|Any CPU.ActiveCfg = Debug|Any CPU
		{64D1AD21-2B50-4338-910C-5AF2B45977E9}.Debug|Any CPU.Build.0 = Debug|Any CPU
		{64D1AD21-2B50-4338-910C-5AF2B45977E9}.Release|Any CPU.ActiveCfg = Release|Any CPU
		{64D1AD21-2B50-4338-910C-5AF2B45977E9}.Release|Any CPU.Build.0 = Release|Any CPU
		{CC437F2E-CE13-4BE4-8696-FE32B9A052DA}.Debug|Any CPU.ActiveCfg = Debug|Any CPU
		{CC437F2E-CE13-4BE4-8696-FE32B9A052DA}.Debug|Any CPU.Build.0 = Debug|Any CPU
		{CC437F2E-CE13-4BE4-8696-FE32B9A052DA}.Release|Any CPU.ActiveCfg = Release|Any CPU
		{CC437F2E-CE13-4BE4-8696-FE32B9A052DA}.Release|Any CPU.Build.0 = Release|Any CPU
		{720E17AD-668F-475A-94BB-264BF41CD61E}.Debug|Any CPU.ActiveCfg = Debug|Any CPU
		{720E17AD-668F-475A-94BB-264BF41CD61E}.Debug|Any CPU.Build.0 = Debug|Any CPU
		{720E17AD-668F-475A-94BB-264BF41CD61E}.Release|Any CPU.ActiveCfg = Release|Any CPU
		{720E17AD-668F-475A-94BB-264BF41CD61E}.Release|Any CPU.Build.0 = Release|Any CPU
		{4444C805-A890-4B24-8679-7BC9C56B0158}.Debug|Any CPU.ActiveCfg = Debug|Any CPU
		{4444C805-A890-4B24-8679-7BC9C56B0158}.Debug|Any CPU.Build.0 = Debug|Any CPU
		{4444C805-A890-4B24-8679-7BC9C56B0158}.Release|Any CPU.ActiveCfg = Release|Any CPU
		{4444C805-A890-4B24-8679-7BC9C56B0158}.Release|Any CPU.Build.0 = Release|Any CPU
		{C3101B43-2784-4464-BCFE-2F41EBE88E37}.Debug|Any CPU.ActiveCfg = Debug|Any CPU
		{C3101B43-2784-4464-BCFE-2F41EBE88E37}.Debug|Any CPU.Build.0 = Debug|Any CPU
		{C3101B43-2784-4464-BCFE-2F41EBE88E37}.Release|Any CPU.ActiveCfg = Release|Any CPU
		{C3101B43-2784-4464-BCFE-2F41EBE88E37}.Release|Any CPU.Build.0 = Release|Any CPU
		{26EB0988-FEB7-4E91-9B86-37F0DC378DE5}.Debug|Any CPU.ActiveCfg = Debug|Any CPU
		{26EB0988-FEB7-4E91-9B86-37F0DC378DE5}.Debug|Any CPU.Build.0 = Debug|Any CPU
		{26EB0988-FEB7-4E91-9B86-37F0DC378DE5}.Release|Any CPU.ActiveCfg = Release|Any CPU
		{26EB0988-FEB7-4E91-9B86-37F0DC378DE5}.Release|Any CPU.Build.0 = Release|Any CPU
		{070C3B20-0CD6-4615-9B7B-2FD292871D4A}.Debug|Any CPU.ActiveCfg = Debug|Any CPU
		{070C3B20-0CD6-4615-9B7B-2FD292871D4A}.Debug|Any CPU.Build.0 = Debug|Any CPU
		{070C3B20-0CD6-4615-9B7B-2FD292871D4A}.Release|Any CPU.ActiveCfg = Release|Any CPU
		{070C3B20-0CD6-4615-9B7B-2FD292871D4A}.Release|Any CPU.Build.0 = Release|Any CPU
		{C9AC871D-FAED-446A-97D3-E7E8B0E32422}.Debug|Any CPU.ActiveCfg = Debug|Any CPU
		{C9AC871D-FAED-446A-97D3-E7E8B0E32422}.Debug|Any CPU.Build.0 = Debug|Any CPU
		{C9AC871D-FAED-446A-97D3-E7E8B0E32422}.Release|Any CPU.ActiveCfg = Release|Any CPU
		{C9AC871D-FAED-446A-97D3-E7E8B0E32422}.Release|Any CPU.Build.0 = Release|Any CPU
		{543716E3-E71A-4719-99A2-B3B2D74AE5DA}.Debug|Any CPU.ActiveCfg = Debug|Any CPU
		{543716E3-E71A-4719-99A2-B3B2D74AE5DA}.Debug|Any CPU.Build.0 = Debug|Any CPU
		{543716E3-E71A-4719-99A2-B3B2D74AE5DA}.Release|Any CPU.ActiveCfg = Release|Any CPU
		{543716E3-E71A-4719-99A2-B3B2D74AE5DA}.Release|Any CPU.Build.0 = Release|Any CPU
		{407C4574-32D5-40C9-A46A-1F76132DE9D6}.Debug|Any CPU.ActiveCfg = Debug|Any CPU
		{407C4574-32D5-40C9-A46A-1F76132DE9D6}.Debug|Any CPU.Build.0 = Debug|Any CPU
		{407C4574-32D5-40C9-A46A-1F76132DE9D6}.Release|Any CPU.ActiveCfg = Release|Any CPU
		{407C4574-32D5-40C9-A46A-1F76132DE9D6}.Release|Any CPU.Build.0 = Release|Any CPU
		{F8A5AB81-B756-4E94-82E5-DF5E585E7F5A}.Debug|Any CPU.ActiveCfg = Debug|Any CPU
		{F8A5AB81-B756-4E94-82E5-DF5E585E7F5A}.Debug|Any CPU.Build.0 = Debug|Any CPU
		{F8A5AB81-B756-4E94-82E5-DF5E585E7F5A}.Release|Any CPU.ActiveCfg = Release|Any CPU
		{F8A5AB81-B756-4E94-82E5-DF5E585E7F5A}.Release|Any CPU.Build.0 = Release|Any CPU
		{877B3A82-074B-4EEB-A267-2880FC16401B}.Debug|Any CPU.ActiveCfg = Debug|Any CPU
		{877B3A82-074B-4EEB-A267-2880FC16401B}.Debug|Any CPU.Build.0 = Debug|Any CPU
		{877B3A82-074B-4EEB-A267-2880FC16401B}.Release|Any CPU.ActiveCfg = Release|Any CPU
		{877B3A82-074B-4EEB-A267-2880FC16401B}.Release|Any CPU.Build.0 = Release|Any CPU
		{4B0FCA0E-E33F-492D-8648-EB1C21A86583}.Debug|Any CPU.ActiveCfg = Debug|Any CPU
		{4B0FCA0E-E33F-492D-8648-EB1C21A86583}.Debug|Any CPU.Build.0 = Debug|Any CPU
		{4B0FCA0E-E33F-492D-8648-EB1C21A86583}.Release|Any CPU.ActiveCfg = Release|Any CPU
		{4B0FCA0E-E33F-492D-8648-EB1C21A86583}.Release|Any CPU.Build.0 = Release|Any CPU
		{88A24A7B-4685-48D3-BD69-CC436A73F064}.Debug|Any CPU.ActiveCfg = Debug|Any CPU
		{88A24A7B-4685-48D3-BD69-CC436A73F064}.Debug|Any CPU.Build.0 = Debug|Any CPU
		{88A24A7B-4685-48D3-BD69-CC436A73F064}.Release|Any CPU.ActiveCfg = Release|Any CPU
		{88A24A7B-4685-48D3-BD69-CC436A73F064}.Release|Any CPU.Build.0 = Release|Any CPU
		{B69E3637-F9E3-42F8-9165-EEEE2CF2C418}.Debug|Any CPU.ActiveCfg = Debug|Any CPU
		{B69E3637-F9E3-42F8-9165-EEEE2CF2C418}.Debug|Any CPU.Build.0 = Debug|Any CPU
		{B69E3637-F9E3-42F8-9165-EEEE2CF2C418}.Release|Any CPU.ActiveCfg = Release|Any CPU
		{B69E3637-F9E3-42F8-9165-EEEE2CF2C418}.Release|Any CPU.Build.0 = Release|Any CPU
		{7CAB2387-ACAF-4F54-87C1-985EBC94E1A8}.Debug|Any CPU.ActiveCfg = Debug|Any CPU
		{7CAB2387-ACAF-4F54-87C1-985EBC94E1A8}.Debug|Any CPU.Build.0 = Debug|Any CPU
		{7CAB2387-ACAF-4F54-87C1-985EBC94E1A8}.Release|Any CPU.ActiveCfg = Release|Any CPU
		{7CAB2387-ACAF-4F54-87C1-985EBC94E1A8}.Release|Any CPU.Build.0 = Release|Any CPU
		{EE1C5BF9-F759-4AE6-93E6-6D3D91E3C2F6}.Debug|Any CPU.ActiveCfg = Debug|Any CPU
		{EE1C5BF9-F759-4AE6-93E6-6D3D91E3C2F6}.Debug|Any CPU.Build.0 = Debug|Any CPU
		{EE1C5BF9-F759-4AE6-93E6-6D3D91E3C2F6}.Release|Any CPU.ActiveCfg = Release|Any CPU
		{EE1C5BF9-F759-4AE6-93E6-6D3D91E3C2F6}.Release|Any CPU.Build.0 = Release|Any CPU
		{000AA14A-B069-4AFA-88D0-BB473EB0DA1C}.Debug|Any CPU.ActiveCfg = Debug|Any CPU
		{000AA14A-B069-4AFA-88D0-BB473EB0DA1C}.Debug|Any CPU.Build.0 = Debug|Any CPU
		{000AA14A-B069-4AFA-88D0-BB473EB0DA1C}.Release|Any CPU.ActiveCfg = Release|Any CPU
		{000AA14A-B069-4AFA-88D0-BB473EB0DA1C}.Release|Any CPU.Build.0 = Release|Any CPU
	EndGlobalSection
EndGlobal
